
Microsoft Visual Studio Solution File, Format Version 12.00
# Visual Studio Version 17
VisualStudioVersion = 17.3.32505.426
MinimumVisualStudioVersion = 10.0.40219.1
Project("{9A19103F-16F7-4668-BE54-9A1E7A4F7556}") = "MyBookStore", "MyBookStore\MyBookStore.csproj", "{2F478B39-B363-416C-8073-1D8E4BB4D6E6}"
EndProject
Project("{FAE04EC0-301F-11D3-BF4B-00C04F79EFBC}") = "MyBookStore.DataAccess", "MyBookStore.DataAccess\MyBookStore.DataAccess.csproj", "{BA955863-9D47-4109-97F8-A37188B90C87}"
EndProject
Project("{FAE04EC0-301F-11D3-BF4B-00C04F79EFBC}") = "MyBookStore.Utility", "MyBookStore.Utility\MyBookStore.Utility.csproj", "{8FF0F367-EF16-40FE-A0D3-94AE389FFD26}"
EndProject
Project("{FAE04EC0-301F-11D3-BF4B-00C04F79EFBC}") = "MyBookStore.Models", "MyBookStore.Models\MyBookStore.Models.csproj", "{999378A6-960A-47A4-953A-CEAFF16E5C47}"
EndProject
Global
	GlobalSection(SolutionConfigurationPlatforms) = preSolution
		Debug|Any CPU = Debug|Any CPU
		Release|Any CPU = Release|Any CPU
	EndGlobalSection
	GlobalSection(ProjectConfigurationPlatforms) = postSolution
		{2F478B39-B363-416C-8073-1D8E4BB4D6E6}.Debug|Any CPU.ActiveCfg = Debug|Any CPU
		{2F478B39-B363-416C-8073-1D8E4BB4D6E6}.Debug|Any CPU.Build.0 = Debug|Any CPU
		{2F478B39-B363-416C-8073-1D8E4BB4D6E6}.Release|Any CPU.ActiveCfg = Release|Any CPU
		{2F478B39-B363-416C-8073-1D8E4BB4D6E6}.Release|Any CPU.Build.0 = Release|Any CPU
		{BA955863-9D47-4109-97F8-A37188B90C87}.Debug|Any CPU.ActiveCfg = Debug|Any CPU
		{BA955863-9D47-4109-97F8-A37188B90C87}.Debug|Any CPU.Build.0 = Debug|Any CPU
		{BA955863-9D47-4109-97F8-A37188B90C87}.Release|Any CPU.ActiveCfg = Release|Any CPU
		{BA955863-9D47-4109-97F8-A37188B90C87}.Release|Any CPU.Build.0 = Release|Any CPU
		{8FF0F367-EF16-40FE-A0D3-94AE389FFD26}.Debug|Any CPU.ActiveCfg = Debug|Any CPU
		{8FF0F367-EF16-40FE-A0D3-94AE389FFD26}.Debug|Any CPU.Build.0 = Debug|Any CPU
		{8FF0F367-EF16-40FE-A0D3-94AE389FFD26}.Release|Any CPU.ActiveCfg = Release|Any CPU
		{8FF0F367-EF16-40FE-A0D3-94AE389FFD26}.Release|Any CPU.Build.0 = Release|Any CPU
		{999378A6-960A-47A4-953A-CEAFF16E5C47}.Debug|Any CPU.ActiveCfg = Debug|Any CPU
		{999378A6-960A-47A4-953A-CEAFF16E5C47}.Debug|Any CPU.Build.0 = Debug|Any CPU
		{999378A6-960A-47A4-953A-CEAFF16E5C47}.Release|Any CPU.ActiveCfg = Release|Any CPU
		{999378A6-960A-47A4-953A-CEAFF16E5C47}.Release|Any CPU.Build.0 = Release|Any CPU
	EndGlobalSection
	GlobalSection(SolutionProperties) = preSolution
		HideSolutionNode = FALSE
	EndGlobalSection
	GlobalSection(ExtensibilityGlobals) = postSolution
		SolutionGuid = {197DEE5C-1293-41A5-AA4E-1CE2A01CFD3C}
	EndGlobalSection
EndGlobal
